// !$*UTF8*$!
{
	archiveVersion = 1;
	classes = {
	};
	objectVersion = 48;
	objects = {

/* Begin PBXBuildFile section */
		F0298F4521E8084400BAD070 /* AppDelegate.swift in Sources */ = {isa = PBXBuildFile; fileRef = F0298F4421E8084400BAD070 /* AppDelegate.swift */; };
		F0298F4C21E8084400BAD070 /* Assets.xcassets in Resources */ = {isa = PBXBuildFile; fileRef = F0298F4B21E8084400BAD070 /* Assets.xcassets */; };
		F0298F4F21E8084400BAD070 /* LaunchScreen.storyboard in Resources */ = {isa = PBXBuildFile; fileRef = F0298F4D21E8084400BAD070 /* LaunchScreen.storyboard */; };
		F0298F5721E80E6E00BAD070 /* Start.storyboard in Resources */ = {isa = PBXBuildFile; fileRef = F0298F5621E80E6E00BAD070 /* Start.storyboard */; };
		F0298F5921E8105C00BAD070 /* SignInViewController.swift in Sources */ = {isa = PBXBuildFile; fileRef = F0298F5821E8105C00BAD070 /* SignInViewController.swift */; };
		F063088721EFDC0D00B4A68B /* HomeViewController.swift in Sources */ = {isa = PBXBuildFile; fileRef = F063088621EFDC0D00B4A68B /* HomeViewController.swift */; };
		F063088921EFDC4800B4A68B /* DiscoverViewController.swift in Sources */ = {isa = PBXBuildFile; fileRef = F063088821EFDC4800B4A68B /* DiscoverViewController.swift */; };
		F063088B21EFDC7900B4A68B /* CameraViewController.swift in Sources */ = {isa = PBXBuildFile; fileRef = F063088A21EFDC7900B4A68B /* CameraViewController.swift */; };
		F063088D21EFDC9000B4A68B /* ActivityViewController.swift in Sources */ = {isa = PBXBuildFile; fileRef = F063088C21EFDC9000B4A68B /* ActivityViewController.swift */; };
		F063088F21EFDC9A00B4A68B /* ProfileViewController.swift in Sources */ = {isa = PBXBuildFile; fileRef = F063088E21EFDC9A00B4A68B /* ProfileViewController.swift */; };
		F063089121EFE5F800B4A68B /* Main.storyboard in Resources */ = {isa = PBXBuildFile; fileRef = F063089021EFE5F800B4A68B /* Main.storyboard */; };
		F063089321EFE81800B4A68B /* Home.storyboard in Resources */ = {isa = PBXBuildFile; fileRef = F063089221EFE81800B4A68B /* Home.storyboard */; };
		F063089521EFE97A00B4A68B /* Discover.storyboard in Resources */ = {isa = PBXBuildFile; fileRef = F063089421EFE97A00B4A68B /* Discover.storyboard */; };
		F063089721EFE9B300B4A68B /* Camera.storyboard in Resources */ = {isa = PBXBuildFile; fileRef = F063089621EFE9B300B4A68B /* Camera.storyboard */; };
		F063089921EFE9E300B4A68B /* Activity.storyboard in Resources */ = {isa = PBXBuildFile; fileRef = F063089821EFE9E300B4A68B /* Activity.storyboard */; };
		F063089B21EFEA0900B4A68B /* Profile.storyboard in Resources */ = {isa = PBXBuildFile; fileRef = F063089A21EFEA0900B4A68B /* Profile.storyboard */; };
		F0F66EBA21E81A5D00AD8481 /* SignUpViewController.swift in Sources */ = {isa = PBXBuildFile; fileRef = F0F66EB921E81A5D00AD8481 /* SignUpViewController.swift */; };
/* End PBXBuildFile section */

/* Begin PBXFileReference section */
		F0298F4121E8084400BAD070 /* InstagramClone.app */ = {isa = PBXFileReference; explicitFileType = wrapper.application; includeInIndex = 0; path = InstagramClone.app; sourceTree = BUILT_PRODUCTS_DIR; };
		F0298F4421E8084400BAD070 /* AppDelegate.swift */ = {isa = PBXFileReference; lastKnownFileType = sourcecode.swift; path = AppDelegate.swift; sourceTree = "<group>"; };
		F0298F4B21E8084400BAD070 /* Assets.xcassets */ = {isa = PBXFileReference; lastKnownFileType = folder.assetcatalog; path = Assets.xcassets; sourceTree = "<group>"; };
		F0298F4E21E8084400BAD070 /* Base */ = {isa = PBXFileReference; lastKnownFileType = file.storyboard; name = Base; path = Base.lproj/LaunchScreen.storyboard; sourceTree = "<group>"; };
		F0298F5021E8084400BAD070 /* Info.plist */ = {isa = PBXFileReference; lastKnownFileType = text.plist.xml; path = Info.plist; sourceTree = "<group>"; };
		F0298F5621E80E6E00BAD070 /* Start.storyboard */ = {isa = PBXFileReference; lastKnownFileType = file.storyboard; path = Start.storyboard; sourceTree = "<group>"; };
		F0298F5821E8105C00BAD070 /* SignInViewController.swift */ = {isa = PBXFileReference; lastKnownFileType = sourcecode.swift; path = SignInViewController.swift; sourceTree = "<group>"; };
		F063088621EFDC0D00B4A68B /* HomeViewController.swift */ = {isa = PBXFileReference; lastKnownFileType = sourcecode.swift; path = HomeViewController.swift; sourceTree = "<group>"; };
		F063088821EFDC4800B4A68B /* DiscoverViewController.swift */ = {isa = PBXFileReference; lastKnownFileType = sourcecode.swift; path = DiscoverViewController.swift; sourceTree = "<group>"; };
		F063088A21EFDC7900B4A68B /* CameraViewController.swift */ = {isa = PBXFileReference; lastKnownFileType = sourcecode.swift; path = CameraViewController.swift; sourceTree = "<group>"; };
		F063088C21EFDC9000B4A68B /* ActivityViewController.swift */ = {isa = PBXFileReference; lastKnownFileType = sourcecode.swift; path = ActivityViewController.swift; sourceTree = "<group>"; };
		F063088E21EFDC9A00B4A68B /* ProfileViewController.swift */ = {isa = PBXFileReference; lastKnownFileType = sourcecode.swift; path = ProfileViewController.swift; sourceTree = "<group>"; };
		F063089021EFE5F800B4A68B /* Main.storyboard */ = {isa = PBXFileReference; fileEncoding = 4; lastKnownFileType = file.storyboard; path = Main.storyboard; sourceTree = "<group>"; };
		F063089221EFE81800B4A68B /* Home.storyboard */ = {isa = PBXFileReference; fileEncoding = 4; lastKnownFileType = file.storyboard; path = Home.storyboard; sourceTree = "<group>"; };
		F063089421EFE97A00B4A68B /* Discover.storyboard */ = {isa = PBXFileReference; fileEncoding = 4; lastKnownFileType = file.storyboard; path = Discover.storyboard; sourceTree = "<group>"; };
		F063089621EFE9B300B4A68B /* Camera.storyboard */ = {isa = PBXFileReference; fileEncoding = 4; lastKnownFileType = file.storyboard; path = Camera.storyboard; sourceTree = "<group>"; };
		F063089821EFE9E300B4A68B /* Activity.storyboard */ = {isa = PBXFileReference; fileEncoding = 4; lastKnownFileType = file.storyboard; path = Activity.storyboard; sourceTree = "<group>"; };
		F063089A21EFEA0900B4A68B /* Profile.storyboard */ = {isa = PBXFileReference; fileEncoding = 4; lastKnownFileType = file.storyboard; path = Profile.storyboard; sourceTree = "<group>"; };
		F0F66EB921E81A5D00AD8481 /* SignUpViewController.swift */ = {isa = PBXFileReference; lastKnownFileType = sourcecode.swift; path = SignUpViewController.swift; sourceTree = "<group>"; };
/* End PBXFileReference section */

/* Begin PBXFrameworksBuildPhase section */
		F0298F3E21E8084400BAD070 /* Frameworks */ = {
			isa = PBXFrameworksBuildPhase;
			buildActionMask = 2147483647;
			files = (
			);
			runOnlyForDeploymentPostprocessing = 0;
		};
/* End PBXFrameworksBuildPhase section */

/* Begin PBXGroup section */
		F0298F3821E8084400BAD070 = {
			isa = PBXGroup;
			children = (
				F0298F4321E8084400BAD070 /* InstagramClone */,
				F0298F4221E8084400BAD070 /* Products */,
			);
			sourceTree = "<group>";
		};
		F0298F4221E8084400BAD070 /* Products */ = {
			isa = PBXGroup;
			children = (
				F0298F4121E8084400BAD070 /* InstagramClone.app */,
			);
			name = Products;
			sourceTree = "<group>";
		};
		F0298F4321E8084400BAD070 /* InstagramClone */ = {
			isa = PBXGroup;
			children = (
				F0298F4421E8084400BAD070 /* AppDelegate.swift */,
				F0F66EB921E81A5D00AD8481 /* SignUpViewController.swift */,
				F063088621EFDC0D00B4A68B /* HomeViewController.swift */,
				F063088821EFDC4800B4A68B /* DiscoverViewController.swift */,
				F063088A21EFDC7900B4A68B /* CameraViewController.swift */,
				F063088C21EFDC9000B4A68B /* ActivityViewController.swift */,
				F063088E21EFDC9A00B4A68B /* ProfileViewController.swift */,
				F0298F5821E8105C00BAD070 /* SignInViewController.swift */,
				F0298F5621E80E6E00BAD070 /* Start.storyboard */,
				F063089021EFE5F800B4A68B /* Main.storyboard */,
				F063089A21EFEA0900B4A68B /* Profile.storyboard */,
				F063089821EFE9E300B4A68B /* Activity.storyboard */,
				F063089621EFE9B300B4A68B /* Camera.storyboard */,
				F063089421EFE97A00B4A68B /* Discover.storyboard */,
				F063089221EFE81800B4A68B /* Home.storyboard */,
				F0298F4B21E8084400BAD070 /* Assets.xcassets */,
				F0298F4D21E8084400BAD070 /* LaunchScreen.storyboard */,
				F0298F5021E8084400BAD070 /* Info.plist */,
			);
			path = InstagramClone;
			sourceTree = "<group>";
		};
/* End PBXGroup section */

/* Begin PBXNativeTarget section */
		F0298F4021E8084400BAD070 /* InstagramClone */ = {
			isa = PBXNativeTarget;
			buildConfigurationList = F0298F5321E8084400BAD070 /* Build configuration list for PBXNativeTarget "InstagramClone" */;
			buildPhases = (
				F0298F3D21E8084400BAD070 /* Sources */,
				F0298F3E21E8084400BAD070 /* Frameworks */,
				F0298F3F21E8084400BAD070 /* Resources */,
			);
			buildRules = (
			);
			dependencies = (
			);
			name = InstagramClone;
			productName = InstagramClone;
			productReference = F0298F4121E8084400BAD070 /* InstagramClone.app */;
			productType = "com.apple.product-type.application";
		};
/* End PBXNativeTarget section */

/* Begin PBXProject section */
		F0298F3921E8084400BAD070 /* Project object */ = {
			isa = PBXProject;
			attributes = {
				LastSwiftUpdateCheck = 0920;
				LastUpgradeCheck = 0920;
				ORGANIZATIONNAME = "Samantha Wiley";
				TargetAttributes = {
					F0298F4021E8084400BAD070 = {
						CreatedOnToolsVersion = 9.2;
						ProvisioningStyle = Automatic;
					};
				};
			};
			buildConfigurationList = F0298F3C21E8084400BAD070 /* Build configuration list for PBXProject "InstagramClone" */;
			compatibilityVersion = "Xcode 8.0";
			developmentRegion = en;
			hasScannedForEncodings = 0;
			knownRegions = (
				en,
				Base,
			);
			mainGroup = F0298F3821E8084400BAD070;
			productRefGroup = F0298F4221E8084400BAD070 /* Products */;
			projectDirPath = "";
			projectRoot = "";
			targets = (
				F0298F4021E8084400BAD070 /* InstagramClone */,
			);
		};
/* End PBXProject section */

/* Begin PBXResourcesBuildPhase section */
		F0298F3F21E8084400BAD070 /* Resources */ = {
			isa = PBXResourcesBuildPhase;
			buildActionMask = 2147483647;
			files = (
				F0298F4F21E8084400BAD070 /* LaunchScreen.storyboard in Resources */,
				F063089721EFE9B300B4A68B /* Camera.storyboard in Resources */,
				F063089321EFE81800B4A68B /* Home.storyboard in Resources */,
				F0298F4C21E8084400BAD070 /* Assets.xcassets in Resources */,
				F0298F5721E80E6E00BAD070 /* Start.storyboard in Resources */,
				F063089121EFE5F800B4A68B /* Main.storyboard in Resources */,
				F063089B21EFEA0900B4A68B /* Profile.storyboard in Resources */,
				F063089521EFE97A00B4A68B /* Discover.storyboard in Resources */,
				F063089921EFE9E300B4A68B /* Activity.storyboard in Resources */,
			);
			runOnlyForDeploymentPostprocessing = 0;
		};
/* End PBXResourcesBuildPhase section */

/* Begin PBXSourcesBuildPhase section */
		F0298F3D21E8084400BAD070 /* Sources */ = {
			isa = PBXSourcesBuildPhase;
			buildActionMask = 2147483647;
			files = (
				F0F66EBA21E81A5D00AD8481 /* SignUpViewController.swift in Sources */,
				F0298F5921E8105C00BAD070 /* SignInViewController.swift in Sources */,
				F0298F4521E8084400BAD070 /* AppDelegate.swift in Sources */,
				F063088721EFDC0D00B4A68B /* HomeViewController.swift in Sources */,
				F063088D21EFDC9000B4A68B /* ActivityViewController.swift in Sources */,
				F063088921EFDC4800B4A68B /* DiscoverViewController.swift in Sources */,
				F063088F21EFDC9A00B4A68B /* ProfileViewController.swift in Sources */,
				F063088B21EFDC7900B4A68B /* CameraViewController.swift in Sources */,
			);
			runOnlyForDeploymentPostprocessing = 0;
		};
/* End PBXSourcesBuildPhase section */

/* Begin PBXVariantGroup section */
		F0298F4D21E8084400BAD070 /* LaunchScreen.storyboard */ = {
			isa = PBXVariantGroup;
			children = (
				F0298F4E21E8084400BAD070 /* Base */,
			);
			name = LaunchScreen.storyboard;
			sourceTree = "<group>";
		};
/* End PBXVariantGroup section */

/* Begin XCBuildConfiguration section */
		F0298F5121E8084400BAD070 /* Debug */ = {
			isa = XCBuildConfiguration;
			buildSettings = {
				ALWAYS_SEARCH_USER_PATHS = NO;
				CLANG_ANALYZER_NONNULL = YES;
				CLANG_ANALYZER_NUMBER_OBJECT_CONVERSION = YES_AGGRESSIVE;
				CLANG_CXX_LANGUAGE_STANDARD = "gnu++14";
				CLANG_CXX_LIBRARY = "libc++";
				CLANG_ENABLE_MODULES = YES;
				CLANG_ENABLE_OBJC_ARC = YES;
				CLANG_WARN_BLOCK_CAPTURE_AUTORELEASING = YES;
				CLANG_WARN_BOOL_CONVERSION = YES;
				CLANG_WARN_COMMA = YES;
				CLANG_WARN_CONSTANT_CONVERSION = YES;
				CLANG_WARN_DIRECT_OBJC_ISA_USAGE = YES_ERROR;
				CLANG_WARN_DOCUMENTATION_COMMENTS = YES;
				CLANG_WARN_EMPTY_BODY = YES;
				CLANG_WARN_ENUM_CONVERSION = YES;
				CLANG_WARN_INFINITE_RECURSION = YES;
				CLANG_WARN_INT_CONVERSION = YES;
				CLANG_WARN_NON_LITERAL_NULL_CONVERSION = YES;
				CLANG_WARN_OBJC_LITERAL_CONVERSION = YES;
				CLANG_WARN_OBJC_ROOT_CLASS = YES_ERROR;
				CLANG_WARN_RANGE_LOOP_ANALYSIS = YES;
				CLANG_WARN_STRICT_PROTOTYPES = YES;
				CLANG_WARN_SUSPICIOUS_MOVE = YES;
				CLANG_WARN_UNGUARDED_AVAILABILITY = YES_AGGRESSIVE;
				CLANG_WARN_UNREACHABLE_CODE = YES;
				CLANG_WARN__DUPLICATE_METHOD_MATCH = YES;
				CODE_SIGN_IDENTITY = "iPhone Developer";
				COPY_PHASE_STRIP = NO;
				DEBUG_INFORMATION_FORMAT = dwarf;
				ENABLE_STRICT_OBJC_MSGSEND = YES;
				ENABLE_TESTABILITY = YES;
				GCC_C_LANGUAGE_STANDARD = gnu11;
				GCC_DYNAMIC_NO_PIC = NO;
				GCC_NO_COMMON_BLOCKS = YES;
				GCC_OPTIMIZATION_LEVEL = 0;
				GCC_PREPROCESSOR_DEFINITIONS = (
					"DEBUG=1",
					"$(inherited)",
				);
				GCC_WARN_64_TO_32_BIT_CONVERSION = YES;
				GCC_WARN_ABOUT_RETURN_TYPE = YES_ERROR;
				GCC_WARN_UNDECLARED_SELECTOR = YES;
				GCC_WARN_UNINITIALIZED_AUTOS = YES_AGGRESSIVE;
				GCC_WARN_UNUSED_FUNCTION = YES;
				GCC_WARN_UNUSED_VARIABLE = YES;
				IPHONEOS_DEPLOYMENT_TARGET = 11.2;
				MTL_ENABLE_DEBUG_INFO = YES;
				ONLY_ACTIVE_ARCH = YES;
				SDKROOT = iphoneos;
				SWIFT_ACTIVE_COMPILATION_CONDITIONS = DEBUG;
				SWIFT_OPTIMIZATION_LEVEL = "-Onone";
			};
			name = Debug;
		};
		F0298F5221E8084400BAD070 /* Release */ = {
			isa = XCBuildConfiguration;
			buildSettings = {
				ALWAYS_SEARCH_USER_PATHS = NO;
				CLANG_ANALYZER_NONNULL = YES;
				CLANG_ANALYZER_NUMBER_OBJECT_CONVERSION = YES_AGGRESSIVE;
				CLANG_CXX_LANGUAGE_STANDARD = "gnu++14";
				CLANG_CXX_LIBRARY = "libc++";
				CLANG_ENABLE_MODULES = YES;
				CLANG_ENABLE_OBJC_ARC = YES;
				CLANG_WARN_BLOCK_CAPTURE_AUTORELEASING = YES;
				CLANG_WARN_BOOL_CONVERSION = YES;
				CLANG_WARN_COMMA = YES;
				CLANG_WARN_CONSTANT_CONVERSION = YES;
				CLANG_WARN_DIRECT_OBJC_ISA_USAGE = YES_ERROR;
				CLANG_WARN_DOCUMENTATION_COMMENTS = YES;
				CLANG_WARN_EMPTY_BODY = YES;
				CLANG_WARN_ENUM_CONVERSION = YES;
				CLANG_WARN_INFINITE_RECURSION = YES;
				CLANG_WARN_INT_CONVERSION = YES;
				CLANG_WARN_NON_LITERAL_NULL_CONVERSION = YES;
				CLANG_WARN_OBJC_LITERAL_CONVERSION = YES;
				CLANG_WARN_OBJC_ROOT_CLASS = YES_ERROR;
				CLANG_WARN_RANGE_LOOP_ANALYSIS = YES;
				CLANG_WARN_STRICT_PROTOTYPES = YES;
				CLANG_WARN_SUSPICIOUS_MOVE = YES;
				CLANG_WARN_UNGUARDED_AVAILABILITY = YES_AGGRESSIVE;
				CLANG_WARN_UNREACHABLE_CODE = YES;
				CLANG_WARN__DUPLICATE_METHOD_MATCH = YES;
				CODE_SIGN_IDENTITY = "iPhone Developer";
				COPY_PHASE_STRIP = NO;
				DEBUG_INFORMATION_FORMAT = "dwarf-with-dsym";
				ENABLE_NS_ASSERTIONS = NO;
				ENABLE_STRICT_OBJC_MSGSEND = YES;
				GCC_C_LANGUAGE_STANDARD = gnu11;
				GCC_NO_COMMON_BLOCKS = YES;
				GCC_WARN_64_TO_32_BIT_CONVERSION = YES;
				GCC_WARN_ABOUT_RETURN_TYPE = YES_ERROR;
				GCC_WARN_UNDECLARED_SELECTOR = YES;
				GCC_WARN_UNINITIALIZED_AUTOS = YES_AGGRESSIVE;
				GCC_WARN_UNUSED_FUNCTION = YES;
				GCC_WARN_UNUSED_VARIABLE = YES;
				IPHONEOS_DEPLOYMENT_TARGET = 11.2;
				MTL_ENABLE_DEBUG_INFO = NO;
				SDKROOT = iphoneos;
				SWIFT_OPTIMIZATION_LEVEL = "-Owholemodule";
				VALIDATE_PRODUCT = YES;
			};
			name = Release;
		};
		F0298F5421E8084400BAD070 /* Debug */ = {
			isa = XCBuildConfiguration;
			buildSettings = {
				ASSETCATALOG_COMPILER_APPICON_NAME = AppIcon;
				CODE_SIGN_STYLE = Automatic;
				INFOPLIST_FILE = InstagramClone/Info.plist;
				LD_RUNPATH_SEARCH_PATHS = "$(inherited) @executable_path/Frameworks";
				PRODUCT_BUNDLE_IDENTIFIER = com.samanthawiley.InstagramClone;
				PRODUCT_NAME = "$(TARGET_NAME)";
				SWIFT_VERSION = 4.0;
				TARGETED_DEVICE_FAMILY = "1,2";
			};
			name = Debug;
		};
		F0298F5521E8084400BAD070 /* Release */ = {
			isa = XCBuildConfiguration;
			buildSettings = {
				ASSETCATALOG_COMPILER_APPICON_NAME = AppIcon;
				CODE_SIGN_STYLE = Automatic;
				INFOPLIST_FILE = InstagramClone/Info.plist;
				LD_RUNPATH_SEARCH_PATHS = "$(inherited) @executable_path/Frameworks";
				PRODUCT_BUNDLE_IDENTIFIER = com.samanthawiley.InstagramClone;
				PRODUCT_NAME = "$(TARGET_NAME)";
				SWIFT_VERSION = 4.0;
				TARGETED_DEVICE_FAMILY = "1,2";
			};
			name = Release;
		};
/* End XCBuildConfiguration section */

/* Begin XCConfigurationList section */
		F0298F3C21E8084400BAD070 /* Build configuration list for PBXProject "InstagramClone" */ = {
			isa = XCConfigurationList;
			buildConfigurations = (
				F0298F5121E8084400BAD070 /* Debug */,
				F0298F5221E8084400BAD070 /* Release */,
			);
			defaultConfigurationIsVisible = 0;
			defaultConfigurationName = Release;
		};
		F0298F5321E8084400BAD070 /* Build configuration list for PBXNativeTarget "InstagramClone" */ = {
			isa = XCConfigurationList;
			buildConfigurations = (
				F0298F5421E8084400BAD070 /* Debug */,
				F0298F5521E8084400BAD070 /* Release */,
			);
			defaultConfigurationIsVisible = 0;
			defaultConfigurationName = Release;
		};
/* End XCConfigurationList section */
	};
	rootObject = F0298F3921E8084400BAD070 /* Project object */;
}
